
Microsoft Visual Studio Solution File, Format Version 12.00
# Visual Studio Version 16
VisualStudioVersion = 16.0.31313.79
MinimumVisualStudioVersion = 10.0.40219.1
Project("{FAE04EC0-301F-11D3-BF4B-00C04F79EFBC}") = "Practica0709", "Practica0709.csproj", "{C454F9A9-3B42-4D17-9444-CC321AB4BBDB}"
EndProject
Global
	GlobalSection(SolutionConfigurationPlatforms) = preSolution
		Debug|Any CPU = Debug|Any CPU
		Release|Any CPU = Release|Any CPU
	EndGlobalSection
	GlobalSection(ProjectConfigurationPlatforms) = postSolution
		{C454F9A9-3B42-4D17-9444-CC321AB4BBDB}.Debug|Any CPU.ActiveCfg = Debug|Any CPU
		{C454F9A9-3B42-4D17-9444-CC321AB4BBDB}.Debug|Any CPU.Build.0 = Debug|Any CPU
		{C454F9A9-3B42-4D17-9444-CC321AB4BBDB}.Release|Any CPU.ActiveCfg = Release|Any CPU
		{C454F9A9-3B42-4D17-9444-CC321AB4BBDB}.Release|Any CPU.Build.0 = Release|Any CPU
	EndGlobalSection
	GlobalSection(SolutionProperties) = preSolution
		HideSolutionNode = FALSE
	EndGlobalSection
	GlobalSection(ExtensibilityGlobals) = postSolution
		SolutionGuid = {0A876301-24DC-4AE9-831E-7B5EB52742F7}
	EndGlobalSection
EndGlobal
